
Microsoft Visual Studio Solution File, Format Version 10.00
# Visual Studio 2008
Project("{CC5FD16D-436D-48AD-A40C-5A424C6E3E79}") = "CloudServiceDemo", "CloudServiceDemo\CloudServiceDemo.ccproj", "{1B933656-487F-412F-AA54-0C953F4A1149}"
EndProject
Project("{FAE04EC0-301F-11D3-BF4B-00C04F79EFBC}") = "WebWorkerRole", "WebWorkerRole\WebWorkerRole.csproj", "{B1115D52-25AB-400E-9C1C-A0FA745E2EB2}"
EndProject
Project("{FAE04EC0-301F-11D3-BF4B-00C04F79EFBC}") = "WebDemoRole", "WebDemoRole\WebDemoRole.csproj", "{69F627D3-10D4-4370-8DA3-692046068F35}"
EndProject
Project("{FAE04EC0-301F-11D3-BF4B-00C04F79EFBC}") = "WebMVCDemo", "WebMVCDemo\WebMVCDemo.csproj", "{BC5EF58E-55D7-4083-B4BA-E62E103CE2A7}"
EndProject
Global
	GlobalSection(SolutionConfigurationPlatforms) = preSolution
		Debug|Any CPU = Debug|Any CPU
		Release|Any CPU = Release|Any CPU
	EndGlobalSection
	GlobalSection(ProjectConfigurationPlatforms) = postSolution
		{1B933656-487F-412F-AA54-0C953F4A1149}.Debug|Any CPU.ActiveCfg = Debug|Any CPU
		{1B933656-487F-412F-AA54-0C953F4A1149}.Debug|Any CPU.Build.0 = Debug|Any CPU
		{1B933656-487F-412F-AA54-0C953F4A1149}.Release|Any CPU.ActiveCfg = Release|Any CPU
		{1B933656-487F-412F-AA54-0C953F4A1149}.Release|Any CPU.Build.0 = Release|Any CPU
		{B1115D52-25AB-400E-9C1C-A0FA745E2EB2}.Debug|Any CPU.ActiveCfg = Debug|Any CPU
		{B1115D52-25AB-400E-9C1C-A0FA745E2EB2}.Debug|Any CPU.Build.0 = Debug|Any CPU
		{B1115D52-25AB-400E-9C1C-A0FA745E2EB2}.Release|Any CPU.ActiveCfg = Release|Any CPU
		{B1115D52-25AB-400E-9C1C-A0FA745E2EB2}.Release|Any CPU.Build.0 = Release|Any CPU
		{69F627D3-10D4-4370-8DA3-692046068F35}.Debug|Any CPU.ActiveCfg = Debug|Any CPU
		{69F627D3-10D4-4370-8DA3-692046068F35}.Debug|Any CPU.Build.0 = Debug|Any CPU
		{69F627D3-10D4-4370-8DA3-692046068F35}.Release|Any CPU.ActiveCfg = Release|Any CPU
		{69F627D3-10D4-4370-8DA3-692046068F35}.Release|Any CPU.Build.0 = Release|Any CPU
		{BC5EF58E-55D7-4083-B4BA-E62E103CE2A7}.Debug|Any CPU.ActiveCfg = Debug|Any CPU
		{BC5EF58E-55D7-4083-B4BA-E62E103CE2A7}.Debug|Any CPU.Build.0 = Debug|Any CPU
		{BC5EF58E-55D7-4083-B4BA-E62E103CE2A7}.Release|Any CPU.ActiveCfg = Release|Any CPU
		{BC5EF58E-55D7-4083-B4BA-E62E103CE2A7}.Release|Any CPU.Build.0 = Release|Any CPU
	EndGlobalSection
	GlobalSection(SolutionProperties) = preSolution
		HideSolutionNode = FALSE
	EndGlobalSection
EndGlobal
