
Microsoft Visual Studio Solution File, Format Version 10.00
# Visual Studio 2008
Project("{FAE04EC0-301F-11D3-BF4B-00C04F79EFBC}") = "DynData", "DynData\DynData.csproj", "{A5DDB0B8-2E29-4E1B-AACE-E83BE1066386}"
EndProject
Global
	GlobalSection(SolutionConfigurationPlatforms) = preSolution
		Debug|Any CPU = Debug|Any CPU
		Release|Any CPU = Release|Any CPU
	EndGlobalSection
	GlobalSection(ProjectConfigurationPlatforms) = postSolution
		{A5DDB0B8-2E29-4E1B-AACE-E83BE1066386}.Debug|Any CPU.ActiveCfg = Debug|Any CPU
		{A5DDB0B8-2E29-4E1B-AACE-E83BE1066386}.Debug|Any CPU.Build.0 = Debug|Any CPU
		{A5DDB0B8-2E29-4E1B-AACE-E83BE1066386}.Release|Any CPU.ActiveCfg = Release|Any CPU
		{A5DDB0B8-2E29-4E1B-AACE-E83BE1066386}.Release|Any CPU.Build.0 = Release|Any CPU
	EndGlobalSection
	GlobalSection(SolutionProperties) = preSolution
		HideSolutionNode = FALSE
	EndGlobalSection
EndGlobal
